
Microsoft Visual Studio Solution File, Format Version 12.00
# Visual Studio 2013
VisualStudioVersion = 12.0.40629.0
MinimumVisualStudioVersion = 10.0.40219.1
Project("{8BC9CEB8-8B4A-11D0-8D11-00A0C91BC942}") = "TestSingleEvent", "TestSingleEvent\TestSingleEvent.vcxproj", "{A8408C61-CBD2-4FB4-B5BC-1FE235B90AF7}"
EndProject
Global
	GlobalSection(SolutionConfigurationPlatforms) = preSolution
		Debug|Win32 = Debug|Win32
		Release|Win32 = Release|Win32
	EndGlobalSection
	GlobalSection(ProjectConfigurationPlatforms) = postSolution
		{A8408C61-CBD2-4FB4-B5BC-1FE235B90AF7}.Debug|Win32.ActiveCfg = Debug|Win32
		{A8408C61-CBD2-4FB4-B5BC-1FE235B90AF7}.Debug|Win32.Build.0 = Debug|Win32
		{A8408C61-CBD2-4FB4-B5BC-1FE235B90AF7}.Release|Win32.ActiveCfg = Release|Win32
		{A8408C61-CBD2-4FB4-B5BC-1FE235B90AF7}.Release|Win32.Build.0 = Release|Win32
	EndGlobalSection
	GlobalSection(SolutionProperties) = preSolution
		HideSolutionNode = FALSE
	EndGlobalSection
EndGlobal
