<?xml version="1.0" encoding="utf-8"?>
<Project ToolsVersion="4.0" xmlns="http://schemas.microsoft.com/developer/msbuild/2003">
  <ItemGroup>
    <Filter Include="源文件">
      <UniqueIdentifier>{4FC737F1-C7A5-4376-A066-2A32D752A2FF}</UniqueIdentifier>
      <Extensions>cpp;c;cc;cxx;def;odl;idl;hpj;bat;asm;asmx</Extensions>
    </Filter>
    <Filter Include="头文件">
      <UniqueIdentifier>{93995380-89BD-4b04-88EB-625FBE52EBFB}</UniqueIdentifier>
      <Extensions>h;hh;hpp;hxx;hm;inl;inc;xsd</Extensions>
    </Filter>
    <Filter Include="资源文件">
      <UniqueIdentifier>{67DA6AB6-F800-4c08-8B7A-83BB121AAD01}</UniqueIdentifier>
      <Extensions>rc;ico;cur;bmp;dlg;rc2;rct;bin;rgs;gif;jpg;jpeg;jpe;resx;tiff;tif;png;wav;mfcribbon-ms</Extensions>
    </Filter>
    <Filter Include="STLSrc">
      <UniqueIdentifier>{8689c2d5-2711-41ce-919b-44b72adb866d}</UniqueIdentifier>
    </Filter>
  </ItemGroup>
  <ItemGroup>
    <Text Include="ReadMe.txt" />
  </ItemGroup>
  <ItemGroup>
    <ClInclude Include="stdafx.h">
      <Filter>头文件</Filter>
    </ClInclude>
    <ClInclude Include="targetver.h">
      <Filter>头文件</Filter>
    </ClInclude>
    <ClInclude Include="DataStruct.h">
      <Filter>头文件</Filter>
    </ClInclude>
    <ClInclude Include="DataStructEx.h">
      <Filter>头文件</Filter>
    </ClInclude>
    <ClInclude Include="TestMove.h">
      <Filter>头文件</Filter>
    </ClInclude>
    <ClInclude Include="AutoPtrInherit.h">
      <Filter>头文件</Filter>
    </ClInclude>
    <ClInclude Include="STLSrc\TestDeque.h">
      <Filter>STLSrc</Filter>
    </ClInclude>
    <ClInclude Include="STLSrc\Timer.h">
      <Filter>STLSrc</Filter>
    </ClInclude>
    <ClInclude Include="STLSrc\TypeRef.h">
      <Filter>STLSrc</Filter>
    </ClInclude>
    <ClInclude Include="STLSrc\Traverse.h">
      <Filter>STLSrc</Filter>
    </ClInclude>
    <ClInclude Include="STLSrc\TestTemplate.h">
      <Filter>STLSrc</Filter>
    </ClInclude>
    <ClInclude Include="STLSrc\TestC11Time.h">
      <Filter>STLSrc</Filter>
    </ClInclude>
    <ClInclude Include="STLSrc\TestSet.h">
      <Filter>STLSrc</Filter>
    </ClInclude>
    <ClInclude Include="STLSrc\CustomRandom.h">
      <Filter>STLSrc</Filter>
    </ClInclude>
    <ClInclude Include="STLSrc\Attribute.h">
      <Filter>STLSrc</Filter>
    </ClInclude>
    <ClInclude Include="标头.h">
      <Filter>STLSrc</Filter>
    </ClInclude>
    <ClInclude Include="STLSrc\TestVector.h">
      <Filter>STLSrc</Filter>
    </ClInclude>
    <ClInclude Include="STLSrc\TestSharePtr.h">
      <Filter>STLSrc</Filter>
    </ClInclude>
    <ClInclude Include="STLSrc\TestShuffle.h">
      <Filter>STLSrc</Filter>
    </ClInclude>
    <ClInclude Include="STLSrc\TestString.h">
      <Filter>STLSrc</Filter>
    </ClInclude>
    <ClInclude Include="STLSrc\TemplateSpecialization.h">
      <Filter>STLSrc</Filter>
    </ClInclude>
    <ClInclude Include="MultInherit.h">
      <Filter>STLSrc</Filter>
    </ClInclude>
    <ClInclude Include="LazySingleton.h">
      <Filter>头文件</Filter>
    </ClInclude>
    <ClInclude Include="STLSrc\TestMap.h">
      <Filter>STLSrc</Filter>
    </ClInclude>
    <ClInclude Include="STLSrc\TestTuple.h">
      <Filter>STLSrc</Filter>
    </ClInclude>
    <ClInclude Include="STLSrc\TestException.h">
      <Filter>STLSrc</Filter>
    </ClInclude>
    <ClInclude Include="STLSrc\TestVirtualFunc.h">
      <Filter>STLSrc</Filter>
    </ClInclude>
    <ClInclude Include="FunctionParams.h">
      <Filter>头文件</Filter>
    </ClInclude>
    <ClInclude Include="STLSrc\TestStatic.h">
      <Filter>STLSrc</Filter>
    </ClInclude>
    <ClInclude Include="STLSrc\TestIterator.h">
      <Filter>STLSrc</Filter>
    </ClInclude>
    <ClInclude Include="STLSrc\TestBit.h">
      <Filter>STLSrc</Filter>
    </ClInclude>
  </ItemGroup>
  <ItemGroup>
    <ClCompile Include="stdafx.cpp">
      <Filter>源文件</Filter>
    </ClCompile>
    <ClCompile Include="STLTest.cpp">
      <Filter>源文件</Filter>
    </ClCompile>
    <ClCompile Include="TestMove.cpp">
      <Filter>源文件</Filter>
    </ClCompile>
    <ClCompile Include="AutoPtrInherit.cpp">
      <Filter>源文件</Filter>
    </ClCompile>
    <ClCompile Include="STLSrc\TestDeque.cpp">
      <Filter>STLSrc</Filter>
    </ClCompile>
    <ClCompile Include="STLSrc\TypeRef.cpp">
      <Filter>STLSrc</Filter>
    </ClCompile>
    <ClCompile Include="STLSrc\Traverse.cpp">
      <Filter>STLSrc</Filter>
    </ClCompile>
    <ClCompile Include="STLSrc\TestC11Time.cpp">
      <Filter>STLSrc</Filter>
    </ClCompile>
    <ClCompile Include="STLSrc\TestSet.cpp">
      <Filter>STLSrc</Filter>
    </ClCompile>
    <ClCompile Include="STLSrc\TestTemplate.cpp">
      <Filter>STLSrc</Filter>
    </ClCompile>
    <ClCompile Include="STLSrc\CustomRandom.cpp">
      <Filter>STLSrc</Filter>
    </ClCompile>
    <ClCompile Include="STLSrc\TestVector.cpp">
      <Filter>STLSrc</Filter>
    </ClCompile>
    <ClCompile Include="STLSrc\TestSharePtr.cpp">
      <Filter>STLSrc</Filter>
    </ClCompile>
    <ClCompile Include="STLSrc\TestShuffle.cpp">
      <Filter>STLSrc</Filter>
    </ClCompile>
    <ClCompile Include="STLSrc\TestString.cpp">
      <Filter>STLSrc</Filter>
    </ClCompile>
    <ClCompile Include="STLSrc\TemplateSpecialization.cpp">
      <Filter>STLSrc</Filter>
    </ClCompile>
    <ClCompile Include="STLSrc\TestMap.cpp">
      <Filter>STLSrc</Filter>
    </ClCompile>
    <ClCompile Include="STLSrc\TestTuple.cpp">
      <Filter>STLSrc</Filter>
    </ClCompile>
    <ClCompile Include="STLSrc\TestException.cpp">
      <Filter>STLSrc</Filter>
    </ClCompile>
    <ClCompile Include="STLSrc\TestVirtualFunc.cpp">
      <Filter>STLSrc</Filter>
    </ClCompile>
    <ClCompile Include="FunctionParams.cpp">
      <Filter>源文件</Filter>
    </ClCompile>
    <ClCompile Include="STLSrc\TestStatic.cpp">
      <Filter>STLSrc</Filter>
    </ClCompile>
    <ClCompile Include="STLSrc\TestIterator.cpp">
      <Filter>STLSrc</Filter>
    </ClCompile>
    <ClCompile Include="STLSrc\TestBit.cpp">
      <Filter>STLSrc</Filter>
    </ClCompile>
    <ClCompile Include="STLSrc\Attribute.cpp">
      <Filter>STLSrc</Filter>
    </ClCompile>
  </ItemGroup>
</Project>