<?xml version="1.0" encoding="utf-8"?>
<Project ToolsVersion="4.0" xmlns="http://schemas.microsoft.com/developer/msbuild/2003">
  <ItemGroup>
    <Filter Include="源文件">
      <UniqueIdentifier>{4FC737F1-C7A5-4376-A066-2A32D752A2FF}</UniqueIdentifier>
      <Extensions>cpp;c;cc;cxx;def;odl;idl;hpj;bat;asm;asmx</Extensions>
    </Filter>
    <Filter Include="头文件">
      <UniqueIdentifier>{93995380-89BD-4b04-88EB-625FBE52EBFB}</UniqueIdentifier>
      <Extensions>h;hh;hpp;hxx;hm;inl;inc;ipp;xsd</Extensions>
    </Filter>
    <Filter Include="资源文件">
      <UniqueIdentifier>{67DA6AB6-F800-4c08-8B7A-83BB121AAD01}</UniqueIdentifier>
      <Extensions>rc;ico;cur;bmp;dlg;rc2;rct;bin;rgs;gif;jpg;jpeg;jpe;resx;tiff;tif;png;wav;mfcribbon-ms</Extensions>
    </Filter>
    <Filter Include="DataModel">
      <UniqueIdentifier>{81203720-53b3-4950-8fab-e6e31737b103}</UniqueIdentifier>
    </Filter>
    <Filter Include="DlMalloc">
      <UniqueIdentifier>{207fdadb-6bfc-473a-b969-b879a2de6118}</UniqueIdentifier>
    </Filter>
  </ItemGroup>
  <ItemGroup>
    <ClCompile Include="AlgorithmSet.cpp">
      <Filter>源文件</Filter>
    </ClCompile>
    <ClCompile Include="DataModel\SinglyLinkedList.cpp">
      <Filter>DataModel</Filter>
    </ClCompile>
    <ClCompile Include="malloc.c">
      <Filter>DlMalloc</Filter>
    </ClCompile>
  </ItemGroup>
  <ItemGroup>
    <ClInclude Include="DataModel\SinglyLinkedList.h">
      <Filter>DataModel</Filter>
    </ClInclude>
    <ClInclude Include="SSyMemoryNedAlloc.h">
      <Filter>头文件</Filter>
    </ClInclude>
    <ClInclude Include="malloc.h">
      <Filter>DlMalloc</Filter>
    </ClInclude>
  </ItemGroup>
</Project>